// !$*UTF8*$!
{
	archiveVersion = 1;
	classes = {
	};
	objectVersion = 50;
	objects = {

/* Begin PBXBuildFile section */
		1AE76596ED4248103D45F3E3 /* Pods_cs130Tests.framework in Frameworks */ = {isa = PBXBuildFile; fileRef = FDD67C4CE2EEA4389898A9FE /* Pods_cs130Tests.framework */; };
		21BD0B7B219934F300797852 /* Post.swift in Sources */ = {isa = PBXBuildFile; fileRef = 21BD0B78219934F300797852 /* Post.swift */; };
		21BD0B7C219934F300797852 /* CourseTableViewController.swift in Sources */ = {isa = PBXBuildFile; fileRef = 21BD0B79219934F300797852 /* CourseTableViewController.swift */; };
		21BD0B7D219934F300797852 /* CourseDetailViewController.swift in Sources */ = {isa = PBXBuildFile; fileRef = 21BD0B7A219934F300797852 /* CourseDetailViewController.swift */; };
		21D5F3EB2197E0EF000DAB8A /* Course.swift in Sources */ = {isa = PBXBuildFile; fileRef = 21D5F3EA2197E0EF000DAB8A /* Course.swift */; };
		21D5F3ED2197E2ED000DAB8A /* User.swift in Sources */ = {isa = PBXBuildFile; fileRef = 21D5F3EC2197E2ED000DAB8A /* User.swift */; };
		221ACEF3165EDA2F7FE6EE91 /* Pods_cs130.framework in Frameworks */ = {isa = PBXBuildFile; fileRef = 80CDF1E43BAFEC69442A47F5 /* Pods_cs130.framework */; };
		83557842218CF96800DAC3CF /* AppDelegate.swift in Sources */ = {isa = PBXBuildFile; fileRef = 83557841218CF96800DAC3CF /* AppDelegate.swift */; };
		83557844218CF96800DAC3CF /* ViewController.swift in Sources */ = {isa = PBXBuildFile; fileRef = 83557843218CF96800DAC3CF /* ViewController.swift */; };
		83557849218CF97200DAC3CF /* Assets.xcassets in Resources */ = {isa = PBXBuildFile; fileRef = 83557848218CF97200DAC3CF /* Assets.xcassets */; };
		8355784C218CF97200DAC3CF /* LaunchScreen.storyboard in Resources */ = {isa = PBXBuildFile; fileRef = 8355784A218CF97200DAC3CF /* LaunchScreen.storyboard */; };
		83557857218CF97300DAC3CF /* cs130Tests.swift in Sources */ = {isa = PBXBuildFile; fileRef = 83557856218CF97300DAC3CF /* cs130Tests.swift */; };
		83557862219538AD00DAC3CF /* GoogleService-Info.plist in Resources */ = {isa = PBXBuildFile; fileRef = 83557861219538AD00DAC3CF /* GoogleService-Info.plist */; };
		83F24E302196639B0012034D /* Constraints.swift in Sources */ = {isa = PBXBuildFile; fileRef = 83F24E2F2196639B0012034D /* Constraints.swift */; };
		83F24E33219666010012034D /* Extension.swift in Sources */ = {isa = PBXBuildFile; fileRef = 83F24E32219666010012034D /* Extension.swift */; };
		83F24E3521968FB10012034D /* MainTabBarController.swift in Sources */ = {isa = PBXBuildFile; fileRef = 83F24E3421968FB10012034D /* MainTabBarController.swift */; };
		83F24E37219693C50012034D /* SignUpController.swift in Sources */ = {isa = PBXBuildFile; fileRef = 83F24E36219693C50012034D /* SignUpController.swift */; };
		881ADBD02199052900A76EB9 /* TextItem.swift in Sources */ = {isa = PBXBuildFile; fileRef = 881ADBCF2199052900A76EB9 /* TextItem.swift */; };
		881ADBD22199053B00A76EB9 /* Comment.swift in Sources */ = {isa = PBXBuildFile; fileRef = 881ADBD12199053B00A76EB9 /* Comment.swift */; };
		88ACB14F219C0277000375D2 /* PostCollector.swift in Sources */ = {isa = PBXBuildFile; fileRef = 88ACB14E219C0277000375D2 /* PostCollector.swift */; };
		88B8C753219BBBC200BE7A09 /* DemoController.swift in Sources */ = {isa = PBXBuildFile; fileRef = 88B8C752219BBBC200BE7A09 /* DemoController.swift */; };
		88C13AA8219C203600F54B30 /* Controller.swift in Sources */ = {isa = PBXBuildFile; fileRef = 88C13AA7219C203600F54B30 /* Controller.swift */; };
		88C13AAC219D159F00F54B30 /* PostController.swift in Sources */ = {isa = PBXBuildFile; fileRef = 88C13AAB219D159F00F54B30 /* PostController.swift */; };
		88C13AAE219D3D4900F54B30 /* CommentController.swift in Sources */ = {isa = PBXBuildFile; fileRef = 88C13AAD219D3D4900F54B30 /* CommentController.swift */; };
/* End PBXBuildFile section */

/* Begin PBXContainerItemProxy section */
		83557853218CF97300DAC3CF /* PBXContainerItemProxy */ = {
			isa = PBXContainerItemProxy;
			containerPortal = 83557836218CF96800DAC3CF /* Project object */;
			proxyType = 1;
			remoteGlobalIDString = 8355783D218CF96800DAC3CF;
			remoteInfo = cs130;
		};
/* End PBXContainerItemProxy section */

/* Begin PBXFileReference section */
		21BD0B78219934F300797852 /* Post.swift */ = {isa = PBXFileReference; fileEncoding = 4; lastKnownFileType = sourcecode.swift; path = Post.swift; sourceTree = "<group>"; };
		21BD0B79219934F300797852 /* CourseTableViewController.swift */ = {isa = PBXFileReference; fileEncoding = 4; lastKnownFileType = sourcecode.swift; path = CourseTableViewController.swift; sourceTree = "<group>"; };
		21BD0B7A219934F300797852 /* CourseDetailViewController.swift */ = {isa = PBXFileReference; fileEncoding = 4; lastKnownFileType = sourcecode.swift; path = CourseDetailViewController.swift; sourceTree = "<group>"; };
		21D5F3EA2197E0EF000DAB8A /* Course.swift */ = {isa = PBXFileReference; lastKnownFileType = sourcecode.swift; path = Course.swift; sourceTree = "<group>"; };
		21D5F3EC2197E2ED000DAB8A /* User.swift */ = {isa = PBXFileReference; lastKnownFileType = sourcecode.swift; path = User.swift; sourceTree = "<group>"; };
		7B7579CCD2407B483A884040 /* Pods-cs130.release.xcconfig */ = {isa = PBXFileReference; includeInIndex = 1; lastKnownFileType = text.xcconfig; name = "Pods-cs130.release.xcconfig"; path = "Pods/Target Support Files/Pods-cs130/Pods-cs130.release.xcconfig"; sourceTree = "<group>"; };
		80CDF1E43BAFEC69442A47F5 /* Pods_cs130.framework */ = {isa = PBXFileReference; explicitFileType = wrapper.framework; includeInIndex = 0; path = Pods_cs130.framework; sourceTree = BUILT_PRODUCTS_DIR; };
		8355783E218CF96800DAC3CF /* cs130.app */ = {isa = PBXFileReference; explicitFileType = wrapper.application; includeInIndex = 0; path = cs130.app; sourceTree = BUILT_PRODUCTS_DIR; };
		83557841218CF96800DAC3CF /* AppDelegate.swift */ = {isa = PBXFileReference; lastKnownFileType = sourcecode.swift; path = AppDelegate.swift; sourceTree = "<group>"; };
		83557843218CF96800DAC3CF /* ViewController.swift */ = {isa = PBXFileReference; lastKnownFileType = sourcecode.swift; path = ViewController.swift; sourceTree = "<group>"; };
		83557848218CF97200DAC3CF /* Assets.xcassets */ = {isa = PBXFileReference; lastKnownFileType = folder.assetcatalog; path = Assets.xcassets; sourceTree = "<group>"; };
		8355784B218CF97200DAC3CF /* Base */ = {isa = PBXFileReference; lastKnownFileType = file.storyboard; name = Base; path = Base.lproj/LaunchScreen.storyboard; sourceTree = "<group>"; };
		8355784D218CF97200DAC3CF /* Info.plist */ = {isa = PBXFileReference; lastKnownFileType = text.plist.xml; path = Info.plist; sourceTree = "<group>"; };
		83557852218CF97300DAC3CF /* cs130Tests.xctest */ = {isa = PBXFileReference; explicitFileType = wrapper.cfbundle; includeInIndex = 0; path = cs130Tests.xctest; sourceTree = BUILT_PRODUCTS_DIR; };
		83557856218CF97300DAC3CF /* cs130Tests.swift */ = {isa = PBXFileReference; lastKnownFileType = sourcecode.swift; path = cs130Tests.swift; sourceTree = "<group>"; };
		83557858218CF97300DAC3CF /* Info.plist */ = {isa = PBXFileReference; lastKnownFileType = text.plist.xml; path = Info.plist; sourceTree = "<group>"; };
		83557861219538AD00DAC3CF /* GoogleService-Info.plist */ = {isa = PBXFileReference; fileEncoding = 4; lastKnownFileType = text.plist.xml; path = "GoogleService-Info.plist"; sourceTree = "<group>"; };
		83F24E2F2196639B0012034D /* Constraints.swift */ = {isa = PBXFileReference; lastKnownFileType = sourcecode.swift; path = Constraints.swift; sourceTree = "<group>"; };
		83F24E32219666010012034D /* Extension.swift */ = {isa = PBXFileReference; lastKnownFileType = sourcecode.swift; path = Extension.swift; sourceTree = "<group>"; };
		83F24E3421968FB10012034D /* MainTabBarController.swift */ = {isa = PBXFileReference; lastKnownFileType = sourcecode.swift; path = MainTabBarController.swift; sourceTree = "<group>"; };
		83F24E36219693C50012034D /* SignUpController.swift */ = {isa = PBXFileReference; lastKnownFileType = sourcecode.swift; path = SignUpController.swift; sourceTree = "<group>"; };
		881ADBCF2199052900A76EB9 /* TextItem.swift */ = {isa = PBXFileReference; lastKnownFileType = sourcecode.swift; path = TextItem.swift; sourceTree = "<group>"; };
		881ADBD12199053B00A76EB9 /* Comment.swift */ = {isa = PBXFileReference; lastKnownFileType = sourcecode.swift; path = Comment.swift; sourceTree = "<group>"; };
		88ACB14E219C0277000375D2 /* PostCollector.swift */ = {isa = PBXFileReference; lastKnownFileType = sourcecode.swift; path = PostCollector.swift; sourceTree = "<group>"; };
		88B8C752219BBBC200BE7A09 /* DemoController.swift */ = {isa = PBXFileReference; fileEncoding = 4; lastKnownFileType = sourcecode.swift; path = DemoController.swift; sourceTree = "<group>"; };
		88C13AA7219C203600F54B30 /* Controller.swift */ = {isa = PBXFileReference; lastKnownFileType = sourcecode.swift; path = Controller.swift; sourceTree = "<group>"; };
		88C13AAB219D159F00F54B30 /* PostController.swift */ = {isa = PBXFileReference; lastKnownFileType = sourcecode.swift; path = PostController.swift; sourceTree = "<group>"; };
		88C13AAD219D3D4900F54B30 /* CommentController.swift */ = {isa = PBXFileReference; lastKnownFileType = sourcecode.swift; path = CommentController.swift; sourceTree = "<group>"; };
		C156AB094F174432F22202B0 /* Pods-cs130.debug.xcconfig */ = {isa = PBXFileReference; includeInIndex = 1; lastKnownFileType = text.xcconfig; name = "Pods-cs130.debug.xcconfig"; path = "Pods/Target Support Files/Pods-cs130/Pods-cs130.debug.xcconfig"; sourceTree = "<group>"; };
		D6246BE0A06B63ED09BABDC6 /* Pods-cs130Tests.debug.xcconfig */ = {isa = PBXFileReference; includeInIndex = 1; lastKnownFileType = text.xcconfig; name = "Pods-cs130Tests.debug.xcconfig"; path = "Pods/Target Support Files/Pods-cs130Tests/Pods-cs130Tests.debug.xcconfig"; sourceTree = "<group>"; };
		EAF1AA25219C02B40026E06E /* DataController.swift */ = {isa = PBXFileReference; lastKnownFileType = sourcecode.swift; path = DataController.swift; sourceTree = "<group>"; };
		FC2D6914668F7CFAE62543C4 /* Pods-cs130Tests.release.xcconfig */ = {isa = PBXFileReference; includeInIndex = 1; lastKnownFileType = text.xcconfig; name = "Pods-cs130Tests.release.xcconfig"; path = "Pods/Target Support Files/Pods-cs130Tests/Pods-cs130Tests.release.xcconfig"; sourceTree = "<group>"; };
		FDD67C4CE2EEA4389898A9FE /* Pods_cs130Tests.framework */ = {isa = PBXFileReference; explicitFileType = wrapper.framework; includeInIndex = 0; path = Pods_cs130Tests.framework; sourceTree = BUILT_PRODUCTS_DIR; };
/* End PBXFileReference section */

/* Begin PBXFrameworksBuildPhase section */
		8355783B218CF96800DAC3CF /* Frameworks */ = {
			isa = PBXFrameworksBuildPhase;
			buildActionMask = 2147483647;
			files = (
				221ACEF3165EDA2F7FE6EE91 /* Pods_cs130.framework in Frameworks */,
			);
			runOnlyForDeploymentPostprocessing = 0;
		};
		8355784F218CF97300DAC3CF /* Frameworks */ = {
			isa = PBXFrameworksBuildPhase;
			buildActionMask = 2147483647;
			files = (
				1AE76596ED4248103D45F3E3 /* Pods_cs130Tests.framework in Frameworks */,
			);
			runOnlyForDeploymentPostprocessing = 0;
		};
/* End PBXFrameworksBuildPhase section */

/* Begin PBXGroup section */
		21BD0B77219934BD00797852 /* Recovered References */ = {
			isa = PBXGroup;
			children = (
			);
			name = "Recovered References";
			sourceTree = "<group>";
		};
		476B0A5DED2DD0F12C60ED21 /* Frameworks */ = {
			isa = PBXGroup;
			children = (
				80CDF1E43BAFEC69442A47F5 /* Pods_cs130.framework */,
				FDD67C4CE2EEA4389898A9FE /* Pods_cs130Tests.framework */,
			);
			name = Frameworks;
			sourceTree = "<group>";
		};
		83557835218CF96800DAC3CF = {
			isa = PBXGroup;
			children = (
				83557840218CF96800DAC3CF /* cs130 */,
				83557855218CF97300DAC3CF /* cs130Tests */,
				8355783F218CF96800DAC3CF /* Products */,
				AD245D546B7192D4124AA3E6 /* Pods */,
				476B0A5DED2DD0F12C60ED21 /* Frameworks */,
				21BD0B77219934BD00797852 /* Recovered References */,
			);
			sourceTree = "<group>";
		};
		8355783F218CF96800DAC3CF /* Products */ = {
			isa = PBXGroup;
			children = (
				8355783E218CF96800DAC3CF /* cs130.app */,
				83557852218CF97300DAC3CF /* cs130Tests.xctest */,
			);
			name = Products;
			sourceTree = "<group>";
		};
		83557840218CF96800DAC3CF /* cs130 */ = {
			isa = PBXGroup;
			children = (
				88C13AA6219C201E00F54B30 /* Model */,
				88C13AA5219C201500F54B30 /* Controller */,
				21BD0B7A219934F300797852 /* CourseDetailViewController.swift */,
				21BD0B79219934F300797852 /* CourseTableViewController.swift */,
				21D5F3EA2197E0EF000DAB8A /* Course.swift */,
				21BD0B78219934F300797852 /* Post.swift */,
				88ACB14E219C0277000375D2 /* PostCollector.swift */,
				88B8C752219BBBC200BE7A09 /* DemoController.swift */,
				83F24E2E219663730012034D /* Utilities */,
				83557841218CF96800DAC3CF /* AppDelegate.swift */,
				83F24E3421968FB10012034D /* MainTabBarController.swift */,
				83F24E36219693C50012034D /* SignUpController.swift */,
				83557843218CF96800DAC3CF /* ViewController.swift */,
				83557848218CF97200DAC3CF /* Assets.xcassets */,
				8355784A218CF97200DAC3CF /* LaunchScreen.storyboard */,
				8355784D218CF97200DAC3CF /* Info.plist */,
				83557861219538AD00DAC3CF /* GoogleService-Info.plist */,
				881ADBCF2199052900A76EB9 /* TextItem.swift */,
				881ADBD12199053B00A76EB9 /* Comment.swift */,
				21D5F3EC2197E2ED000DAB8A /* User.swift */,
				EAF1AA25219C02B40026E06E /* DataController.swift */,
			);
			path = cs130;
			sourceTree = "<group>";
		};
		83557855218CF97300DAC3CF /* cs130Tests */ = {
			isa = PBXGroup;
			children = (
				83557856218CF97300DAC3CF /* cs130Tests.swift */,
				83557858218CF97300DAC3CF /* Info.plist */,
			);
			path = cs130Tests;
			sourceTree = "<group>";
		};
		83F24E2E219663730012034D /* Utilities */ = {
			isa = PBXGroup;
			children = (
				83F24E2F2196639B0012034D /* Constraints.swift */,
				83F24E32219666010012034D /* Extension.swift */,
			);
			path = Utilities;
			sourceTree = "<group>";
		};
		88C13AA5219C201500F54B30 /* Controller */ = {
			isa = PBXGroup;
			children = (
				88C13AA7219C203600F54B30 /* Controller.swift */,
				88C13AAB219D159F00F54B30 /* PostController.swift */,
				88C13AAD219D3D4900F54B30 /* CommentController.swift */,
			);
			path = Controller;
			sourceTree = "<group>";
		};
		88C13AA6219C201E00F54B30 /* Model */ = {
			isa = PBXGroup;
			children = (
			);
			path = Model;
			sourceTree = "<group>";
		};
		AD245D546B7192D4124AA3E6 /* Pods */ = {
			isa = PBXGroup;
			children = (
				C156AB094F174432F22202B0 /* Pods-cs130.debug.xcconfig */,
				7B7579CCD2407B483A884040 /* Pods-cs130.release.xcconfig */,
				D6246BE0A06B63ED09BABDC6 /* Pods-cs130Tests.debug.xcconfig */,
				FC2D6914668F7CFAE62543C4 /* Pods-cs130Tests.release.xcconfig */,
			);
			name = Pods;
			sourceTree = "<group>";
		};
/* End PBXGroup section */

/* Begin PBXNativeTarget section */
		8355783D218CF96800DAC3CF /* cs130 */ = {
			isa = PBXNativeTarget;
			buildConfigurationList = 8355785B218CF97300DAC3CF /* Build configuration list for PBXNativeTarget "cs130" */;
			buildPhases = (
				E2E90C6E83DF28F64C410A37 /* [CP] Check Pods Manifest.lock */,
				8355783A218CF96800DAC3CF /* Sources */,
				8355783B218CF96800DAC3CF /* Frameworks */,
				8355783C218CF96800DAC3CF /* Resources */,
				84FF4C0376CDDBF4647FC37C /* [CP] Embed Pods Frameworks */,
			);
			buildRules = (
			);
			dependencies = (
			);
			name = cs130;
			productName = cs130;
			productReference = 8355783E218CF96800DAC3CF /* cs130.app */;
			productType = "com.apple.product-type.application";
		};
		83557851218CF97300DAC3CF /* cs130Tests */ = {
			isa = PBXNativeTarget;
			buildConfigurationList = 8355785E218CF97300DAC3CF /* Build configuration list for PBXNativeTarget "cs130Tests" */;
			buildPhases = (
				2FD68FD68E5A2641FA9A86CC /* [CP] Check Pods Manifest.lock */,
				8355784E218CF97300DAC3CF /* Sources */,
				8355784F218CF97300DAC3CF /* Frameworks */,
				83557850218CF97300DAC3CF /* Resources */,
			);
			buildRules = (
			);
			dependencies = (
				83557854218CF97300DAC3CF /* PBXTargetDependency */,
			);
			name = cs130Tests;
			productName = cs130Tests;
			productReference = 83557852218CF97300DAC3CF /* cs130Tests.xctest */;
			productType = "com.apple.product-type.bundle.unit-test";
		};
/* End PBXNativeTarget section */

/* Begin PBXProject section */
		83557836218CF96800DAC3CF /* Project object */ = {
			isa = PBXProject;
			attributes = {
				LastSwiftUpdateCheck = 1000;
				LastUpgradeCheck = 1000;
				ORGANIZATIONNAME = "Ram Yadav";
				TargetAttributes = {
					8355783D218CF96800DAC3CF = {
						CreatedOnToolsVersion = 10.0;
					};
					83557851218CF97300DAC3CF = {
						CreatedOnToolsVersion = 10.0;
						TestTargetID = 8355783D218CF96800DAC3CF;
					};
				};
			};
			buildConfigurationList = 83557839218CF96800DAC3CF /* Build configuration list for PBXProject "cs130" */;
			compatibilityVersion = "Xcode 9.3";
			developmentRegion = en;
			hasScannedForEncodings = 0;
			knownRegions = (
				en,
				Base,
			);
			mainGroup = 83557835218CF96800DAC3CF;
			productRefGroup = 8355783F218CF96800DAC3CF /* Products */;
			projectDirPath = "";
			projectRoot = "";
			targets = (
				8355783D218CF96800DAC3CF /* cs130 */,
				83557851218CF97300DAC3CF /* cs130Tests */,
			);
		};
/* End PBXProject section */

/* Begin PBXResourcesBuildPhase section */
		8355783C218CF96800DAC3CF /* Resources */ = {
			isa = PBXResourcesBuildPhase;
			buildActionMask = 2147483647;
			files = (
				8355784C218CF97200DAC3CF /* LaunchScreen.storyboard in Resources */,
				83557862219538AD00DAC3CF /* GoogleService-Info.plist in Resources */,
				83557849218CF97200DAC3CF /* Assets.xcassets in Resources */,
			);
			runOnlyForDeploymentPostprocessing = 0;
		};
		83557850218CF97300DAC3CF /* Resources */ = {
			isa = PBXResourcesBuildPhase;
			buildActionMask = 2147483647;
			files = (
			);
			runOnlyForDeploymentPostprocessing = 0;
		};
/* End PBXResourcesBuildPhase section */

/* Begin PBXShellScriptBuildPhase section */
		2FD68FD68E5A2641FA9A86CC /* [CP] Check Pods Manifest.lock */ = {
			isa = PBXShellScriptBuildPhase;
			buildActionMask = 2147483647;
			files = (
			);
			inputFileListPaths = (
			);
			inputPaths = (
				"${PODS_PODFILE_DIR_PATH}/Podfile.lock",
				"${PODS_ROOT}/Manifest.lock",
			);
			name = "[CP] Check Pods Manifest.lock";
			outputFileListPaths = (
			);
			outputPaths = (
				"$(DERIVED_FILE_DIR)/Pods-cs130Tests-checkManifestLockResult.txt",
			);
			runOnlyForDeploymentPostprocessing = 0;
			shellPath = /bin/sh;
			shellScript = "diff \"${PODS_PODFILE_DIR_PATH}/Podfile.lock\" \"${PODS_ROOT}/Manifest.lock\" > /dev/null\nif [ $? != 0 ] ; then\n    # print error to STDERR\n    echo \"error: The sandbox is not in sync with the Podfile.lock. Run 'pod install' or update your CocoaPods installation.\" >&2\n    exit 1\nfi\n# This output is used by Xcode 'outputs' to avoid re-running this script phase.\necho \"SUCCESS\" > \"${SCRIPT_OUTPUT_FILE_0}\"\n";
			showEnvVarsInLog = 0;
		};
		84FF4C0376CDDBF4647FC37C /* [CP] Embed Pods Frameworks */ = {
			isa = PBXShellScriptBuildPhase;
			buildActionMask = 2147483647;
			files = (
			);
			inputFileListPaths = (
			);
			inputPaths = (
				"${SRCROOT}/Pods/Target Support Files/Pods-cs130/Pods-cs130-frameworks.sh",
				"${BUILT_PRODUCTS_DIR}/GTMSessionFetcher/GTMSessionFetcher.framework",
				"${BUILT_PRODUCTS_DIR}/GoogleToolboxForMac/GoogleToolboxForMac.framework",
				"${BUILT_PRODUCTS_DIR}/nanopb/nanopb.framework",
			);
			name = "[CP] Embed Pods Frameworks";
			outputFileListPaths = (
			);
			outputPaths = (
				"${TARGET_BUILD_DIR}/${FRAMEWORKS_FOLDER_PATH}/GTMSessionFetcher.framework",
				"${TARGET_BUILD_DIR}/${FRAMEWORKS_FOLDER_PATH}/GoogleToolboxForMac.framework",
				"${TARGET_BUILD_DIR}/${FRAMEWORKS_FOLDER_PATH}/nanopb.framework",
			);
			runOnlyForDeploymentPostprocessing = 0;
			shellPath = /bin/sh;
			shellScript = "\"${SRCROOT}/Pods/Target Support Files/Pods-cs130/Pods-cs130-frameworks.sh\"\n";
			showEnvVarsInLog = 0;
		};
		E2E90C6E83DF28F64C410A37 /* [CP] Check Pods Manifest.lock */ = {
			isa = PBXShellScriptBuildPhase;
			buildActionMask = 2147483647;
			files = (
			);
			inputFileListPaths = (
			);
			inputPaths = (
				"${PODS_PODFILE_DIR_PATH}/Podfile.lock",
				"${PODS_ROOT}/Manifest.lock",
			);
			name = "[CP] Check Pods Manifest.lock";
			outputFileListPaths = (
			);
			outputPaths = (
				"$(DERIVED_FILE_DIR)/Pods-cs130-checkManifestLockResult.txt",
			);
			runOnlyForDeploymentPostprocessing = 0;
			shellPath = /bin/sh;
			shellScript = "diff \"${PODS_PODFILE_DIR_PATH}/Podfile.lock\" \"${PODS_ROOT}/Manifest.lock\" > /dev/null\nif [ $? != 0 ] ; then\n    # print error to STDERR\n    echo \"error: The sandbox is not in sync with the Podfile.lock. Run 'pod install' or update your CocoaPods installation.\" >&2\n    exit 1\nfi\n# This output is used by Xcode 'outputs' to avoid re-running this script phase.\necho \"SUCCESS\" > \"${SCRIPT_OUTPUT_FILE_0}\"\n";
			showEnvVarsInLog = 0;
		};
/* End PBXShellScriptBuildPhase section */

/* Begin PBXSourcesBuildPhase section */
		8355783A218CF96800DAC3CF /* Sources */ = {
			isa = PBXSourcesBuildPhase;
			buildActionMask = 2147483647;
			files = (
				21BD0B7D219934F300797852 /* CourseDetailViewController.swift in Sources */,
				83F24E302196639B0012034D /* Constraints.swift in Sources */,
				88B8C753219BBBC200BE7A09 /* DemoController.swift in Sources */,
				21BD0B7C219934F300797852 /* CourseTableViewController.swift in Sources */,
				21D5F3EB2197E0EF000DAB8A /* Course.swift in Sources */,
				83557844218CF96800DAC3CF /* ViewController.swift in Sources */,
				83F24E3521968FB10012034D /* MainTabBarController.swift in Sources */,
				21D5F3ED2197E2ED000DAB8A /* User.swift in Sources */,
				83557842218CF96800DAC3CF /* AppDelegate.swift in Sources */,
				21BD0B7B219934F300797852 /* Post.swift in Sources */,
				88ACB14F219C0277000375D2 /* PostCollector.swift in Sources */,
				881ADBD22199053B00A76EB9 /* Comment.swift in Sources */,
				881ADBD02199052900A76EB9 /* TextItem.swift in Sources */,
				83F24E33219666010012034D /* Extension.swift in Sources */,
				83F24E37219693C50012034D /* SignUpController.swift in Sources */,
				88C13AA8219C203600F54B30 /* Controller.swift in Sources */,
				88C13AAC219D159F00F54B30 /* PostController.swift in Sources */,
				88C13AAE219D3D4900F54B30 /* CommentController.swift in Sources */,
			);
			runOnlyForDeploymentPostprocessing = 0;
		};
		8355784E218CF97300DAC3CF /* Sources */ = {
			isa = PBXSourcesBuildPhase;
			buildActionMask = 2147483647;
			files = (
				83557857218CF97300DAC3CF /* cs130Tests.swift in Sources */,
			);
			runOnlyForDeploymentPostprocessing = 0;
		};
/* End PBXSourcesBuildPhase section */

/* Begin PBXTargetDependency section */
		83557854218CF97300DAC3CF /* PBXTargetDependency */ = {
			isa = PBXTargetDependency;
			target = 8355783D218CF96800DAC3CF /* cs130 */;
			targetProxy = 83557853218CF97300DAC3CF /* PBXContainerItemProxy */;
		};
/* End PBXTargetDependency section */

/* Begin PBXVariantGroup section */
		8355784A218CF97200DAC3CF /* LaunchScreen.storyboard */ = {
			isa = PBXVariantGroup;
			children = (
				8355784B218CF97200DAC3CF /* Base */,
			);
			name = LaunchScreen.storyboard;
			sourceTree = "<group>";
		};
/* End PBXVariantGroup section */

/* Begin XCBuildConfiguration section */
		83557859218CF97300DAC3CF /* Debug */ = {
			isa = XCBuildConfiguration;
			buildSettings = {
				ALWAYS_SEARCH_USER_PATHS = NO;
				CLANG_ANALYZER_NONNULL = YES;
				CLANG_ANALYZER_NUMBER_OBJECT_CONVERSION = YES_AGGRESSIVE;
				CLANG_CXX_LANGUAGE_STANDARD = "gnu++14";
				CLANG_CXX_LIBRARY = "libc++";
				CLANG_ENABLE_MODULES = YES;
				CLANG_ENABLE_OBJC_ARC = YES;
				CLANG_ENABLE_OBJC_WEAK = YES;
				CLANG_WARN_BLOCK_CAPTURE_AUTORELEASING = YES;
				CLANG_WARN_BOOL_CONVERSION = YES;
				CLANG_WARN_COMMA = YES;
				CLANG_WARN_CONSTANT_CONVERSION = YES;
				CLANG_WARN_DEPRECATED_OBJC_IMPLEMENTATIONS = YES;
				CLANG_WARN_DIRECT_OBJC_ISA_USAGE = YES_ERROR;
				CLANG_WARN_DOCUMENTATION_COMMENTS = YES;
				CLANG_WARN_EMPTY_BODY = YES;
				CLANG_WARN_ENUM_CONVERSION = YES;
				CLANG_WARN_INFINITE_RECURSION = YES;
				CLANG_WARN_INT_CONVERSION = YES;
				CLANG_WARN_NON_LITERAL_NULL_CONVERSION = YES;
				CLANG_WARN_OBJC_IMPLICIT_RETAIN_SELF = YES;
				CLANG_WARN_OBJC_LITERAL_CONVERSION = YES;
				CLANG_WARN_OBJC_ROOT_CLASS = YES_ERROR;
				CLANG_WARN_RANGE_LOOP_ANALYSIS = YES;
				CLANG_WARN_STRICT_PROTOTYPES = YES;
				CLANG_WARN_SUSPICIOUS_MOVE = YES;
				CLANG_WARN_UNGUARDED_AVAILABILITY = YES_AGGRESSIVE;
				CLANG_WARN_UNREACHABLE_CODE = YES;
				CLANG_WARN__DUPLICATE_METHOD_MATCH = YES;
				CODE_SIGN_IDENTITY = "iPhone Developer";
				COPY_PHASE_STRIP = NO;
				DEBUG_INFORMATION_FORMAT = dwarf;
				ENABLE_STRICT_OBJC_MSGSEND = YES;
				ENABLE_TESTABILITY = YES;
				GCC_C_LANGUAGE_STANDARD = gnu11;
				GCC_DYNAMIC_NO_PIC = NO;
				GCC_NO_COMMON_BLOCKS = YES;
				GCC_OPTIMIZATION_LEVEL = 0;
				GCC_PREPROCESSOR_DEFINITIONS = (
					"DEBUG=1",
					"$(inherited)",
				);
				GCC_WARN_64_TO_32_BIT_CONVERSION = YES;
				GCC_WARN_ABOUT_RETURN_TYPE = YES_ERROR;
				GCC_WARN_UNDECLARED_SELECTOR = YES;
				GCC_WARN_UNINITIALIZED_AUTOS = YES_AGGRESSIVE;
				GCC_WARN_UNUSED_FUNCTION = YES;
				GCC_WARN_UNUSED_VARIABLE = YES;
				IPHONEOS_DEPLOYMENT_TARGET = 12.0;
				MTL_ENABLE_DEBUG_INFO = INCLUDE_SOURCE;
				MTL_FAST_MATH = YES;
				ONLY_ACTIVE_ARCH = YES;
				SDKROOT = iphoneos;
				SWIFT_ACTIVE_COMPILATION_CONDITIONS = DEBUG;
				SWIFT_OPTIMIZATION_LEVEL = "-Onone";
			};
			name = Debug;
		};
		8355785A218CF97300DAC3CF /* Release */ = {
			isa = XCBuildConfiguration;
			buildSettings = {
				ALWAYS_SEARCH_USER_PATHS = NO;
				CLANG_ANALYZER_NONNULL = YES;
				CLANG_ANALYZER_NUMBER_OBJECT_CONVERSION = YES_AGGRESSIVE;
				CLANG_CXX_LANGUAGE_STANDARD = "gnu++14";
				CLANG_CXX_LIBRARY = "libc++";
				CLANG_ENABLE_MODULES = YES;
				CLANG_ENABLE_OBJC_ARC = YES;
				CLANG_ENABLE_OBJC_WEAK = YES;
				CLANG_WARN_BLOCK_CAPTURE_AUTORELEASING = YES;
				CLANG_WARN_BOOL_CONVERSION = YES;
				CLANG_WARN_COMMA = YES;
				CLANG_WARN_CONSTANT_CONVERSION = YES;
				CLANG_WARN_DEPRECATED_OBJC_IMPLEMENTATIONS = YES;
				CLANG_WARN_DIRECT_OBJC_ISA_USAGE = YES_ERROR;
				CLANG_WARN_DOCUMENTATION_COMMENTS = YES;
				CLANG_WARN_EMPTY_BODY = YES;
				CLANG_WARN_ENUM_CONVERSION = YES;
				CLANG_WARN_INFINITE_RECURSION = YES;
				CLANG_WARN_INT_CONVERSION = YES;
				CLANG_WARN_NON_LITERAL_NULL_CONVERSION = YES;
				CLANG_WARN_OBJC_IMPLICIT_RETAIN_SELF = YES;
				CLANG_WARN_OBJC_LITERAL_CONVERSION = YES;
				CLANG_WARN_OBJC_ROOT_CLASS = YES_ERROR;
				CLANG_WARN_RANGE_LOOP_ANALYSIS = YES;
				CLANG_WARN_STRICT_PROTOTYPES = YES;
				CLANG_WARN_SUSPICIOUS_MOVE = YES;
				CLANG_WARN_UNGUARDED_AVAILABILITY = YES_AGGRESSIVE;
				CLANG_WARN_UNREACHABLE_CODE = YES;
				CLANG_WARN__DUPLICATE_METHOD_MATCH = YES;
				CODE_SIGN_IDENTITY = "iPhone Developer";
				COPY_PHASE_STRIP = NO;
				DEBUG_INFORMATION_FORMAT = "dwarf-with-dsym";
				ENABLE_NS_ASSERTIONS = NO;
				ENABLE_STRICT_OBJC_MSGSEND = YES;
				GCC_C_LANGUAGE_STANDARD = gnu11;
				GCC_NO_COMMON_BLOCKS = YES;
				GCC_WARN_64_TO_32_BIT_CONVERSION = YES;
				GCC_WARN_ABOUT_RETURN_TYPE = YES_ERROR;
				GCC_WARN_UNDECLARED_SELECTOR = YES;
				GCC_WARN_UNINITIALIZED_AUTOS = YES_AGGRESSIVE;
				GCC_WARN_UNUSED_FUNCTION = YES;
				GCC_WARN_UNUSED_VARIABLE = YES;
				IPHONEOS_DEPLOYMENT_TARGET = 12.0;
				MTL_ENABLE_DEBUG_INFO = NO;
				MTL_FAST_MATH = YES;
				SDKROOT = iphoneos;
				SWIFT_COMPILATION_MODE = wholemodule;
				SWIFT_OPTIMIZATION_LEVEL = "-O";
				VALIDATE_PRODUCT = YES;
			};
			name = Release;
		};
		8355785C218CF97300DAC3CF /* Debug */ = {
			isa = XCBuildConfiguration;
			baseConfigurationReference = C156AB094F174432F22202B0 /* Pods-cs130.debug.xcconfig */;
			buildSettings = {
				ASSETCATALOG_COMPILER_APPICON_NAME = AppIcon;
				CODE_SIGN_STYLE = Automatic;
				DEVELOPMENT_TEAM = "";
				INFOPLIST_FILE = cs130/Info.plist;
				LD_RUNPATH_SEARCH_PATHS = (
					"$(inherited)",
					"@executable_path/Frameworks",
				);
				PRODUCT_BUNDLE_IDENTIFIER = ramInc.cs130;
				PRODUCT_NAME = "$(TARGET_NAME)";
				SWIFT_VERSION = 4.2;
				TARGETED_DEVICE_FAMILY = "1,2";
			};
			name = Debug;
		};
		8355785D218CF97300DAC3CF /* Release */ = {
			isa = XCBuildConfiguration;
			baseConfigurationReference = 7B7579CCD2407B483A884040 /* Pods-cs130.release.xcconfig */;
			buildSettings = {
				ASSETCATALOG_COMPILER_APPICON_NAME = AppIcon;
				CODE_SIGN_STYLE = Automatic;
				DEVELOPMENT_TEAM = "";
				INFOPLIST_FILE = cs130/Info.plist;
				LD_RUNPATH_SEARCH_PATHS = (
					"$(inherited)",
					"@executable_path/Frameworks",
				);
				PRODUCT_BUNDLE_IDENTIFIER = ramInc.cs130;
				PRODUCT_NAME = "$(TARGET_NAME)";
				SWIFT_VERSION = 4.2;
				TARGETED_DEVICE_FAMILY = "1,2";
			};
			name = Release;
		};
		8355785F218CF97300DAC3CF /* Debug */ = {
			isa = XCBuildConfiguration;
			baseConfigurationReference = D6246BE0A06B63ED09BABDC6 /* Pods-cs130Tests.debug.xcconfig */;
			buildSettings = {
				ALWAYS_EMBED_SWIFT_STANDARD_LIBRARIES = YES;
				BUNDLE_LOADER = "$(TEST_HOST)";
				CODE_SIGN_STYLE = Automatic;
				DEVELOPMENT_TEAM = A7AYU3TGLJ;
				INFOPLIST_FILE = cs130Tests/Info.plist;
				LD_RUNPATH_SEARCH_PATHS = (
					"$(inherited)",
					"@executable_path/Frameworks",
					"@loader_path/Frameworks",
				);
				PRODUCT_BUNDLE_IDENTIFIER = ramInc.cs130Tests;
				PRODUCT_NAME = "$(TARGET_NAME)";
				SWIFT_VERSION = 4.2;
				TARGETED_DEVICE_FAMILY = "1,2";
				TEST_HOST = "$(BUILT_PRODUCTS_DIR)/cs130.app/cs130";
			};
			name = Debug;
		};
		83557860218CF97300DAC3CF /* Release */ = {
			isa = XCBuildConfiguration;
			baseConfigurationReference = FC2D6914668F7CFAE62543C4 /* Pods-cs130Tests.release.xcconfig */;
			buildSettings = {
				ALWAYS_EMBED_SWIFT_STANDARD_LIBRARIES = YES;
				BUNDLE_LOADER = "$(TEST_HOST)";
				CODE_SIGN_STYLE = Automatic;
				DEVELOPMENT_TEAM = A7AYU3TGLJ;
				INFOPLIST_FILE = cs130Tests/Info.plist;
				LD_RUNPATH_SEARCH_PATHS = (
					"$(inherited)",
					"@executable_path/Frameworks",
					"@loader_path/Frameworks",
				);
				PRODUCT_BUNDLE_IDENTIFIER = ramInc.cs130Tests;
				PRODUCT_NAME = "$(TARGET_NAME)";
				SWIFT_VERSION = 4.2;
				TARGETED_DEVICE_FAMILY = "1,2";
				TEST_HOST = "$(BUILT_PRODUCTS_DIR)/cs130.app/cs130";
			};
			name = Release;
		};
/* End XCBuildConfiguration section */

/* Begin XCConfigurationList section */
		83557839218CF96800DAC3CF /* Build configuration list for PBXProject "cs130" */ = {
			isa = XCConfigurationList;
			buildConfigurations = (
				83557859218CF97300DAC3CF /* Debug */,
				8355785A218CF97300DAC3CF /* Release */,
			);
			defaultConfigurationIsVisible = 0;
			defaultConfigurationName = Release;
		};
		8355785B218CF97300DAC3CF /* Build configuration list for PBXNativeTarget "cs130" */ = {
			isa = XCConfigurationList;
			buildConfigurations = (
				8355785C218CF97300DAC3CF /* Debug */,
				8355785D218CF97300DAC3CF /* Release */,
			);
			defaultConfigurationIsVisible = 0;
			defaultConfigurationName = Release;
		};
		8355785E218CF97300DAC3CF /* Build configuration list for PBXNativeTarget "cs130Tests" */ = {
			isa = XCConfigurationList;
			buildConfigurations = (
				8355785F218CF97300DAC3CF /* Debug */,
				83557860218CF97300DAC3CF /* Release */,
			);
			defaultConfigurationIsVisible = 0;
			defaultConfigurationName = Release;
		};
/* End XCConfigurationList section */
	};
	rootObject = 83557836218CF96800DAC3CF /* Project object */;
}
